{
  "name": "nep-website",
  "version": "1.0.0",
  "lockfileVersion": 3,
  "requires": true,
  "packages": {
    "": {
      "name": "nep-website",
      "version": "1.0.0",
      "dependencies": {
        "@vercel/edge": "^1.2.1"
      }
    },
    "node_modules/@vercel/edge": {
      "version": "1.3.1",
      "resolved": "https://registry.npmjs.org/@vercel/edge/-/edge-1.3.1.tgz",
      "integrity": "sha512-k0tKWeYEWOv6qU6+Z8+hv2Nt/u3vFHRZdB0uvwE0DxoddU/5kWX/Chu8F6ojvqmRlnZwuX/7kyZFVeCP6DxqBg==",
      "license": "Apache-2.0"
    }
  }
}
